
Microsoft Visual Studio Solution File, Format Version 12.00
# Visual Studio Version 17
VisualStudioVersion = 17.11.35303.130
MinimumVisualStudioVersion = 10.0.40219.1
Project("{FAE04EC0-301F-11D3-BF4B-00C04F79EFBC}") = "ElChenVuelve", "ElChenVuelve\ElChenVuelve.csproj", "{02079698-7401-48F5-B2AA-74BC22500E9D}"
EndProject
Global
	GlobalSection(SolutionConfigurationPlatforms) = preSolution
		Debug|Any CPU = Debug|Any CPU
		Release|Any CPU = Release|Any CPU
	EndGlobalSection
	GlobalSection(ProjectConfigurationPlatforms) = postSolution
		{02079698-7401-48F5-B2AA-74BC22500E9D}.Debug|Any CPU.ActiveCfg = Debug|Any CPU
		{02079698-7401-48F5-B2AA-74BC22500E9D}.Debug|Any CPU.Build.0 = Debug|Any CPU
		{02079698-7401-48F5-B2AA-74BC22500E9D}.Release|Any CPU.ActiveCfg = Release|Any CPU
		{02079698-7401-48F5-B2AA-74BC22500E9D}.Release|Any CPU.Build.0 = Release|Any CPU
	EndGlobalSection
	GlobalSection(SolutionProperties) = preSolution
		HideSolutionNode = FALSE
	EndGlobalSection
	GlobalSection(ExtensibilityGlobals) = postSolution
		SolutionGuid = {C88A9A0D-B067-4BC7-A00D-0BCBA1A29D61}
	EndGlobalSection
EndGlobal
