Microsoft Visual Studio Solution File, Format Version 12.00
# Visual Studio Version 17
VisualStudioVersion = 17.5.2.0
MinimumVisualStudioVersion = 10.0.40219.1
Project("{FAE04EC0-301F-11D3-BF4B-00C04F79EFBC}") = "elchenchenvuelvecy", "elchenchenvuelvecy.csproj", "{62AC3BF1-5207-609D-9014-223E61FDCA37}"
EndProject
Global
	GlobalSection(SolutionConfigurationPlatforms) = preSolution
		Debug|Any CPU = Debug|Any CPU
		Release|Any CPU = Release|Any CPU
	EndGlobalSection
	GlobalSection(ProjectConfigurationPlatforms) = postSolution
		{62AC3BF1-5207-609D-9014-223E61FDCA37}.Debug|Any CPU.ActiveCfg = Debug|Any CPU
		{62AC3BF1-5207-609D-9014-223E61FDCA37}.Debug|Any CPU.Build.0 = Debug|Any CPU
		{62AC3BF1-5207-609D-9014-223E61FDCA37}.Release|Any CPU.ActiveCfg = Release|Any CPU
		{62AC3BF1-5207-609D-9014-223E61FDCA37}.Release|Any CPU.Build.0 = Release|Any CPU
	EndGlobalSection
	GlobalSection(SolutionProperties) = preSolution
		HideSolutionNode = FALSE
	EndGlobalSection
	GlobalSection(ExtensibilityGlobals) = postSolution
		SolutionGuid = {5EE0D4E5-75A9-4F74-ADA6-6E3E8E9CA28D}
	EndGlobalSection
EndGlobal
